
Microsoft Visual Studio Solution File, Format Version 12.00
Project("{FAE04EC0-301F-11D3-BF4B-00C04F79EFBC}") = "DateNight", "DateNight\DateNight.csproj", "{874D5E00-1443-4D45-BCF0-58F8B329582F}"
EndProject
Global
	GlobalSection(SolutionConfigurationPlatforms) = preSolution
		Debug|Any CPU = Debug|Any CPU
		Release|Any CPU = Release|Any CPU
	EndGlobalSection
	GlobalSection(ProjectConfigurationPlatforms) = postSolution
		{874D5E00-1443-4D45-BCF0-58F8B329582F}.Debug|Any CPU.ActiveCfg = Debug|Any CPU
		{874D5E00-1443-4D45-BCF0-58F8B329582F}.Debug|Any CPU.Build.0 = Debug|Any CPU
		{874D5E00-1443-4D45-BCF0-58F8B329582F}.Release|Any CPU.ActiveCfg = Release|Any CPU
		{874D5E00-1443-4D45-BCF0-58F8B329582F}.Release|Any CPU.Build.0 = Release|Any CPU
	EndGlobalSection
EndGlobal
